// !$*UTF8*$!
{
	archiveVersion = 1;
	classes = {
	};
	objectVersion = 46;
	objects = {

/* Begin PBXBuildFile section */
		7037B46919DCED7500364C4E /* WordTouchSelectionViewController.m in Sources */ = {isa = PBXBuildFile; fileRef = 7037B46819DCED7500364C4E /* WordTouchSelectionViewController.m */; };
		7037B46C19DD228200364C4E /* StoreTagWordToiDrive.m in Sources */ = {isa = PBXBuildFile; fileRef = 7037B46B19DD228200364C4E /* StoreTagWordToiDrive.m */; };
		7037B46F19E2BDF900364C4E /* TaggedWordSelectViewController.m in Sources */ = {isa = PBXBuildFile; fileRef = 7037B46E19E2BDF900364C4E /* TaggedWordSelectViewController.m */; };
		7037B47219E2CC9500364C4E /* TagPlotTableViewController.m in Sources */ = {isa = PBXBuildFile; fileRef = 7037B47119E2CC9500364C4E /* TagPlotTableViewController.m */; };
		7037B47519E2CE3B00364C4E /* TaggedWordPlotViewController.m in Sources */ = {isa = PBXBuildFile; fileRef = 7037B47419E2CE3B00364C4E /* TaggedWordPlotViewController.m */; };
		70B1564F19D04CD80037A5DC /* MedicalWordJp_MachineCollect.m in Sources */ = {isa = PBXBuildFile; fileRef = 70B1564E19D04CD80037A5DC /* MedicalWordJp_MachineCollect.m */; };
		70B1565D19D05D720037A5DC /* CoreGraphics.framework in Frameworks */ = {isa = PBXBuildFile; fileRef = 70B1565819D05C4A0037A5DC /* CoreGraphics.framework */; };
		70B1565E19D05D790037A5DC /* Foundation.framework in Frameworks */ = {isa = PBXBuildFile; fileRef = 70B1565419D05C250037A5DC /* Foundation.framework */; };
		70B1565F19D05D850037A5DC /* UIKit.framework in Frameworks */ = {isa = PBXBuildFile; fileRef = 70B1565619D05C2E0037A5DC /* UIKit.framework */; settings = {ATTRIBUTES = (Required, ); }; };
		70DC3BDF19C40203006CFC5E /* WorldHistoryWordStore.m in Sources */ = {isa = PBXBuildFile; fileRef = 70DC3BDE19C40203006CFC5E /* WorldHistoryWordStore.m */; };
		C97735D219A243F0002B9B68 /* WordPlotScrollView_iPad.m in Sources */ = {isa = PBXBuildFile; fileRef = C97735D119A243F0002B9B68 /* WordPlotScrollView_iPad.m */; };
		C97735E219A275DE002B9B68 /* BiologicalWordStore.m in Sources */ = {isa = PBXBuildFile; fileRef = C97735E119A275DE002B9B68 /* BiologicalWordStore.m */; };
		C97735E519A275FD002B9B68 /* ChemicalWordStore.m in Sources */ = {isa = PBXBuildFile; fileRef = C97735E419A275FD002B9B68 /* ChemicalWordStore.m */; };
		C97735E919A2771C002B9B68 /* WordSelectionPlotScrollView_iPhone.m in Sources */ = {isa = PBXBuildFile; fileRef = C97735E819A2771C002B9B68 /* WordSelectionPlotScrollView_iPhone.m */; };
		C97735EF19A3A1D8002B9B68 /* ElementaryWord1.m in Sources */ = {isa = PBXBuildFile; fileRef = C97735EE19A3A1D8002B9B68 /* ElementaryWord1.m */; };
		C97735F219A3A206002B9B68 /* ITWordStore.m in Sources */ = {isa = PBXBuildFile; fileRef = C97735F119A3A206002B9B68 /* ITWordStore.m */; };
		C97735F519A3A21C002B9B68 /* ModeanSocialWord.m in Sources */ = {isa = PBXBuildFile; fileRef = C97735F419A3A21C002B9B68 /* ModeanSocialWord.m */; };
		C97735F819A3A230002B9B68 /* OpticalWordStore.m in Sources */ = {isa = PBXBuildFile; fileRef = C97735F719A3A230002B9B68 /* OpticalWordStore.m */; };
		C97735FB19A3A240002B9B68 /* PhysicalWordStore.m in Sources */ = {isa = PBXBuildFile; fileRef = C97735FA19A3A240002B9B68 /* PhysicalWordStore.m */; };
		C97735FE19A4C711002B9B68 /* WordSelectionPlotScrollView_iPad.m in Sources */ = {isa = PBXBuildFile; fileRef = C97735FD19A4C711002B9B68 /* WordSelectionPlotScrollView_iPad.m */; };
		C977360119A4C8C5002B9B68 /* WordSelectionPlotViewController_iPad.m in Sources */ = {isa = PBXBuildFile; fileRef = C977360019A4C8C5002B9B68 /* WordSelectionPlotViewController_iPad.m */; };
		C977360419A4D155002B9B68 /* GlobalSetting.m in Sources */ = {isa = PBXBuildFile; fileRef = C977360319A4D155002B9B68 /* GlobalSetting.m */; };
		C977360819A610CC002B9B68 /* WordSetControl.m in Sources */ = {isa = PBXBuildFile; fileRef = C977360719A610CC002B9B68 /* WordSetControl.m */; };
		C9CAB41319914B730004B6D6 /* InfoPlist.strings in Resources */ = {isa = PBXBuildFile; fileRef = C9CAB41119914B730004B6D6 /* InfoPlist.strings */; };
		C9CAB41519914B730004B6D6 /* main.m in Sources */ = {isa = PBXBuildFile; fileRef = C9CAB41419914B730004B6D6 /* main.m */; };
		C9CAB41919914B730004B6D6 /* BrainStormingAppDelegate.m in Sources */ = {isa = PBXBuildFile; fileRef = C9CAB41819914B730004B6D6 /* BrainStormingAppDelegate.m */; };
		C9CAB41C19914B730004B6D6 /* Main_iPhone.storyboard in Resources */ = {isa = PBXBuildFile; fileRef = C9CAB41A19914B730004B6D6 /* Main_iPhone.storyboard */; };
		C9CAB41F19914B730004B6D6 /* Main_iPad.storyboard in Resources */ = {isa = PBXBuildFile; fileRef = C9CAB41D19914B730004B6D6 /* Main_iPad.storyboard */; };
		C9CAB42219914B730004B6D6 /* BrainStormingFirstViewController.m in Sources */ = {isa = PBXBuildFile; fileRef = C9CAB42119914B730004B6D6 /* BrainStormingFirstViewController.m */; };
		C9CAB42519914B730004B6D6 /* BrainStormingSecondViewController.m in Sources */ = {isa = PBXBuildFile; fileRef = C9CAB42419914B730004B6D6 /* BrainStormingSecondViewController.m */; };
		C9CAB42719914B730004B6D6 /* Images.xcassets in Resources */ = {isa = PBXBuildFile; fileRef = C9CAB42619914B730004B6D6 /* Images.xcassets */; };
		C9CAB43819914B730004B6D6 /* InfoPlist.strings in Resources */ = {isa = PBXBuildFile; fileRef = C9CAB43619914B730004B6D6 /* InfoPlist.strings */; };
		C9CAB43A19914B730004B6D6 /* Hassouseisei2_0Tests.m in Sources */ = {isa = PBXBuildFile; fileRef = C9CAB43919914B730004B6D6 /* Hassouseisei2_0Tests.m */; };
		C9CAB44719914D1B0004B6D6 /* 09-chat-2.png in Resources */ = {isa = PBXBuildFile; fileRef = C9CAB44319914D1B0004B6D6 /* 09-chat-2.png */; };
		C9CAB44819914D1B0004B6D6 /* 09-chat-2@2x.png in Resources */ = {isa = PBXBuildFile; fileRef = C9CAB44419914D1B0004B6D6 /* 09-chat-2@2x.png */; };
		C9CAB44919914D1B0004B6D6 /* 15-tags.png in Resources */ = {isa = PBXBuildFile; fileRef = C9CAB44519914D1B0004B6D6 /* 15-tags.png */; };
		C9CAB44A19914D1B0004B6D6 /* 15-tags@2x.png in Resources */ = {isa = PBXBuildFile; fileRef = C9CAB44619914D1B0004B6D6 /* 15-tags@2x.png */; };
		C9CAB44D1991521B0004B6D6 /* QBFlatButton.m in Sources */ = {isa = PBXBuildFile; fileRef = C9CAB44C1991521B0004B6D6 /* QBFlatButton.m */; };
		C9CAB4501992213A0004B6D6 /* WordPlottScrollView.m in Sources */ = {isa = PBXBuildFile; fileRef = C9CAB44F1992213A0004B6D6 /* WordPlottScrollView.m */; };
		C9D8D56619A8F0B1007887C8 /* SearchViewController.m in Sources */ = {isa = PBXBuildFile; fileRef = C9D8D56519A8F0B1007887C8 /* SearchViewController.m */; };
		C9D8D5B719B4A2DE007887C8 /* CopyrightView.m in Sources */ = {isa = PBXBuildFile; fileRef = C9D8D5B619B4A2DE007887C8 /* CopyrightView.m */; };
		C9D8D5BA19B4A2EE007887C8 /* CopyrightViewController.m in Sources */ = {isa = PBXBuildFile; fileRef = C9D8D5B919B4A2EE007887C8 /* CopyrightViewController.m */; };
		C9D8D5BC19B4B0B7007887C8 /* Icon.png in Resources */ = {isa = PBXBuildFile; fileRef = C9D8D5BB19B4B0B7007887C8 /* Icon.png */; };
		C9D8D5BE19B4B0D1007887C8 /* Icon@2x-1.png in Resources */ = {isa = PBXBuildFile; fileRef = C9D8D5BD19B4B0D1007887C8 /* Icon@2x-1.png */; };
		C9D8D5C019B4B0DA007887C8 /* Icon@2x-2.png in Resources */ = {isa = PBXBuildFile; fileRef = C9D8D5BF19B4B0DA007887C8 /* Icon@2x-2.png */; };
		C9D8D5C219B4B0E1007887C8 /* Icon@2x.png in Resources */ = {isa = PBXBuildFile; fileRef = C9D8D5C119B4B0E1007887C8 /* Icon@2x.png */; };
		C9EEA0AF19966BBD00389853 /* BrainStormingFirstViewController_iPad.m in Sources */ = {isa = PBXBuildFile; fileRef = C9EEA0AE19966BBD00389853 /* BrainStormingFirstViewController_iPad.m */; };
/* End PBXBuildFile section */

/* Begin PBXContainerItemProxy section */
		70B1566019D0610A0037A5DC /* PBXContainerItemProxy */ = {
			isa = PBXContainerItemProxy;
			containerPortal = C9CAB3FD19914B730004B6D6 /* Project object */;
			proxyType = 1;
			remoteGlobalIDString = C9CAB40419914B730004B6D6;
			remoteInfo = Hassouseisei2_0;
		};
		C9CAB43119914B730004B6D6 /* PBXContainerItemProxy */ = {
			isa = PBXContainerItemProxy;
			containerPortal = C9CAB3FD19914B730004B6D6 /* Project object */;
			proxyType = 1;
			remoteGlobalIDString = C9CAB40419914B730004B6D6;
			remoteInfo = Hassouseisei2_0;
		};
/* End PBXContainerItemProxy section */

/* Begin PBXFileReference section */
		7037B46719DCED7500364C4E /* WordTouchSelectionViewController.h */ = {isa = PBXFileReference; fileEncoding = 4; lastKnownFileType = sourcecode.c.h; path = WordTouchSelectionViewController.h; sourceTree = "<group>"; };
		7037B46819DCED7500364C4E /* WordTouchSelectionViewController.m */ = {isa = PBXFileReference; fileEncoding = 4; lastKnownFileType = sourcecode.c.objc; path = WordTouchSelectionViewController.m; sourceTree = "<group>"; };
		7037B46A19DD228200364C4E /* StoreTagWordToiDrive.h */ = {isa = PBXFileReference; fileEncoding = 4; lastKnownFileType = sourcecode.c.h; path = StoreTagWordToiDrive.h; sourceTree = "<group>"; };
		7037B46B19DD228200364C4E /* StoreTagWordToiDrive.m */ = {isa = PBXFileReference; fileEncoding = 4; lastKnownFileType = sourcecode.c.objc; path = StoreTagWordToiDrive.m; sourceTree = "<group>"; };
		7037B46D19E2BDF900364C4E /* TaggedWordSelectViewController.h */ = {isa = PBXFileReference; fileEncoding = 4; lastKnownFileType = sourcecode.c.h; path = TaggedWordSelectViewController.h; sourceTree = "<group>"; };
		7037B46E19E2BDF900364C4E /* TaggedWordSelectViewController.m */ = {isa = PBXFileReference; fileEncoding = 4; lastKnownFileType = sourcecode.c.objc; path = TaggedWordSelectViewController.m; sourceTree = "<group>"; };
		7037B47019E2CC9400364C4E /* TagPlotTableViewController.h */ = {isa = PBXFileReference; fileEncoding = 4; lastKnownFileType = sourcecode.c.h; path = TagPlotTableViewController.h; sourceTree = "<group>"; };
		7037B47119E2CC9500364C4E /* TagPlotTableViewController.m */ = {isa = PBXFileReference; fileEncoding = 4; lastKnownFileType = sourcecode.c.objc; path = TagPlotTableViewController.m; sourceTree = "<group>"; };
		7037B47319E2CE3B00364C4E /* TaggedWordPlotViewController.h */ = {isa = PBXFileReference; fileEncoding = 4; lastKnownFileType = sourcecode.c.h; path = TaggedWordPlotViewController.h; sourceTree = "<group>"; };
		7037B47419E2CE3B00364C4E /* TaggedWordPlotViewController.m */ = {isa = PBXFileReference; fileEncoding = 4; lastKnownFileType = sourcecode.c.objc; path = TaggedWordPlotViewController.m; sourceTree = "<group>"; };
		70B1564D19D04CD80037A5DC /* MedicalWordJp_MachineCollect.h */ = {isa = PBXFileReference; fileEncoding = 4; lastKnownFileType = sourcecode.c.h; path = MedicalWordJp_MachineCollect.h; sourceTree = "<group>"; };
		70B1564E19D04CD80037A5DC /* MedicalWordJp_MachineCollect.m */ = {isa = PBXFileReference; fileEncoding = 4; lastKnownFileType = sourcecode.c.objc; path = MedicalWordJp_MachineCollect.m; sourceTree = "<group>"; };
		70B1565419D05C250037A5DC /* Foundation.framework */ = {isa = PBXFileReference; lastKnownFileType = wrapper.framework; name = Foundation.framework; path = System/Library/Frameworks/Foundation.framework; sourceTree = SDKROOT; };
		70B1565619D05C2E0037A5DC /* UIKit.framework */ = {isa = PBXFileReference; lastKnownFileType = wrapper.framework; name = UIKit.framework; path = System/Library/Frameworks/UIKit.framework; sourceTree = SDKROOT; };
		70B1565819D05C4A0037A5DC /* CoreGraphics.framework */ = {isa = PBXFileReference; lastKnownFileType = wrapper.framework; name = CoreGraphics.framework; path = System/Library/Frameworks/CoreGraphics.framework; sourceTree = SDKROOT; };
		70DC3BDD19C40203006CFC5E /* WorldHistoryWordStore.h */ = {isa = PBXFileReference; fileEncoding = 4; lastKnownFileType = sourcecode.c.h; path = WorldHistoryWordStore.h; sourceTree = "<group>"; };
		70DC3BDE19C40203006CFC5E /* WorldHistoryWordStore.m */ = {isa = PBXFileReference; fileEncoding = 4; lastKnownFileType = sourcecode.c.objc; path = WorldHistoryWordStore.m; sourceTree = "<group>"; };
		C97735D019A243F0002B9B68 /* WordPlotScrollView_iPad.h */ = {isa = PBXFileReference; fileEncoding = 4; lastKnownFileType = sourcecode.c.h; path = WordPlotScrollView_iPad.h; sourceTree = "<group>"; };
		C97735D119A243F0002B9B68 /* WordPlotScrollView_iPad.m */ = {isa = PBXFileReference; fileEncoding = 4; lastKnownFileType = sourcecode.c.objc; path = WordPlotScrollView_iPad.m; sourceTree = "<group>"; };
		C97735E019A275DE002B9B68 /* BiologicalWordStore.h */ = {isa = PBXFileReference; fileEncoding = 4; lastKnownFileType = sourcecode.c.h; path = BiologicalWordStore.h; sourceTree = "<group>"; };
		C97735E119A275DE002B9B68 /* BiologicalWordStore.m */ = {isa = PBXFileReference; fileEncoding = 4; lastKnownFileType = sourcecode.c.objc; path = BiologicalWordStore.m; sourceTree = "<group>"; };
		C97735E319A275FD002B9B68 /* ChemicalWordStore.h */ = {isa = PBXFileReference; fileEncoding = 4; lastKnownFileType = sourcecode.c.h; path = ChemicalWordStore.h; sourceTree = "<group>"; };
		C97735E419A275FD002B9B68 /* ChemicalWordStore.m */ = {isa = PBXFileReference; fileEncoding = 4; lastKnownFileType = sourcecode.c.objc; path = ChemicalWordStore.m; sourceTree = "<group>"; };
		C97735E719A2771C002B9B68 /* WordSelectionPlotScrollView_iPhone.h */ = {isa = PBXFileReference; fileEncoding = 4; lastKnownFileType = sourcecode.c.h; path = WordSelectionPlotScrollView_iPhone.h; sourceTree = "<group>"; };
		C97735E819A2771C002B9B68 /* WordSelectionPlotScrollView_iPhone.m */ = {isa = PBXFileReference; fileEncoding = 4; lastKnownFileType = sourcecode.c.objc; path = WordSelectionPlotScrollView_iPhone.m; sourceTree = "<group>"; };
		C97735ED19A3A1D8002B9B68 /* ElementaryWord1.h */ = {isa = PBXFileReference; fileEncoding = 4; lastKnownFileType = sourcecode.c.h; path = ElementaryWord1.h; sourceTree = "<group>"; };
		C97735EE19A3A1D8002B9B68 /* ElementaryWord1.m */ = {isa = PBXFileReference; fileEncoding = 4; lastKnownFileType = sourcecode.c.objc; path = ElementaryWord1.m; sourceTree = "<group>"; };
		C97735F019A3A206002B9B68 /* ITWordStore.h */ = {isa = PBXFileReference; fileEncoding = 4; lastKnownFileType = sourcecode.c.h; path = ITWordStore.h; sourceTree = "<group>"; };
		C97735F119A3A206002B9B68 /* ITWordStore.m */ = {isa = PBXFileReference; fileEncoding = 4; lastKnownFileType = sourcecode.c.objc; path = ITWordStore.m; sourceTree = "<group>"; };
		C97735F319A3A21C002B9B68 /* ModeanSocialWord.h */ = {isa = PBXFileReference; fileEncoding = 4; lastKnownFileType = sourcecode.c.h; path = ModeanSocialWord.h; sourceTree = "<group>"; };
		C97735F419A3A21C002B9B68 /* ModeanSocialWord.m */ = {isa = PBXFileReference; fileEncoding = 4; lastKnownFileType = sourcecode.c.objc; path = ModeanSocialWord.m; sourceTree = "<group>"; };
		C97735F619A3A230002B9B68 /* OpticalWordStore.h */ = {isa = PBXFileReference; fileEncoding = 4; lastKnownFileType = sourcecode.c.h; path = OpticalWordStore.h; sourceTree = "<group>"; };
		C97735F719A3A230002B9B68 /* OpticalWordStore.m */ = {isa = PBXFileReference; fileEncoding = 4; lastKnownFileType = sourcecode.c.objc; path = OpticalWordStore.m; sourceTree = "<group>"; };
		C97735F919A3A240002B9B68 /* PhysicalWordStore.h */ = {isa = PBXFileReference; fileEncoding = 4; lastKnownFileType = sourcecode.c.h; path = PhysicalWordStore.h; sourceTree = "<group>"; };
		C97735FA19A3A240002B9B68 /* PhysicalWordStore.m */ = {isa = PBXFileReference; fileEncoding = 4; lastKnownFileType = sourcecode.c.objc; path = PhysicalWordStore.m; sourceTree = "<group>"; };
		C97735FC19A4C711002B9B68 /* WordSelectionPlotScrollView_iPad.h */ = {isa = PBXFileReference; fileEncoding = 4; lastKnownFileType = sourcecode.c.h; path = WordSelectionPlotScrollView_iPad.h; sourceTree = "<group>"; };
		C97735FD19A4C711002B9B68 /* WordSelectionPlotScrollView_iPad.m */ = {isa = PBXFileReference; fileEncoding = 4; lastKnownFileType = sourcecode.c.objc; path = WordSelectionPlotScrollView_iPad.m; sourceTree = "<group>"; };
		C97735FF19A4C8C5002B9B68 /* WordSelectionPlotViewController_iPad.h */ = {isa = PBXFileReference; fileEncoding = 4; lastKnownFileType = sourcecode.c.h; path = WordSelectionPlotViewController_iPad.h; sourceTree = "<group>"; };
		C977360019A4C8C5002B9B68 /* WordSelectionPlotViewController_iPad.m */ = {isa = PBXFileReference; fileEncoding = 4; lastKnownFileType = sourcecode.c.objc; path = WordSelectionPlotViewController_iPad.m; sourceTree = "<group>"; };
		C977360219A4D154002B9B68 /* GlobalSetting.h */ = {isa = PBXFileReference; fileEncoding = 4; lastKnownFileType = sourcecode.c.h; path = GlobalSetting.h; sourceTree = "<group>"; };
		C977360319A4D155002B9B68 /* GlobalSetting.m */ = {isa = PBXFileReference; fileEncoding = 4; lastKnownFileType = sourcecode.c.objc; path = GlobalSetting.m; sourceTree = "<group>"; };
		C977360619A610CC002B9B68 /* WordSetControl.h */ = {isa = PBXFileReference; fileEncoding = 4; lastKnownFileType = sourcecode.c.h; path = WordSetControl.h; sourceTree = "<group>"; };
		C977360719A610CC002B9B68 /* WordSetControl.m */ = {isa = PBXFileReference; fileEncoding = 4; lastKnownFileType = sourcecode.c.objc; path = WordSetControl.m; sourceTree = "<group>"; };
		C9CAB40519914B730004B6D6 /* 発想生成.app */ = {isa = PBXFileReference; explicitFileType = wrapper.application; includeInIndex = 0; path = "発想生成.app"; sourceTree = BUILT_PRODUCTS_DIR; };
		C9CAB41019914B730004B6D6 /* Hassouseisei2_0-Info.plist */ = {isa = PBXFileReference; lastKnownFileType = text.plist.xml; path = "Hassouseisei2_0-Info.plist"; sourceTree = "<group>"; };
		C9CAB41219914B730004B6D6 /* en */ = {isa = PBXFileReference; lastKnownFileType = text.plist.strings; name = en; path = en.lproj/InfoPlist.strings; sourceTree = "<group>"; };
		C9CAB41419914B730004B6D6 /* main.m */ = {isa = PBXFileReference; lastKnownFileType = sourcecode.c.objc; path = main.m; sourceTree = "<group>"; };
		C9CAB41619914B730004B6D6 /* Hassouseisei2_0-Prefix.pch */ = {isa = PBXFileReference; lastKnownFileType = sourcecode.c.h; path = "Hassouseisei2_0-Prefix.pch"; sourceTree = "<group>"; };
		C9CAB41719914B730004B6D6 /* BrainStormingAppDelegate.h */ = {isa = PBXFileReference; lastKnownFileType = sourcecode.c.h; path = BrainStormingAppDelegate.h; sourceTree = "<group>"; };
		C9CAB41819914B730004B6D6 /* BrainStormingAppDelegate.m */ = {isa = PBXFileReference; lastKnownFileType = sourcecode.c.objc; path = BrainStormingAppDelegate.m; sourceTree = "<group>"; };
		C9CAB41B19914B730004B6D6 /* Base */ = {isa = PBXFileReference; lastKnownFileType = file.storyboard; name = Base; path = Base.lproj/Main_iPhone.storyboard; sourceTree = "<group>"; };
		C9CAB41E19914B730004B6D6 /* Base */ = {isa = PBXFileReference; lastKnownFileType = file.storyboard; name = Base; path = Base.lproj/Main_iPad.storyboard; sourceTree = "<group>"; };
		C9CAB42019914B730004B6D6 /* BrainStormingFirstViewController.h */ = {isa = PBXFileReference; lastKnownFileType = sourcecode.c.h; path = BrainStormingFirstViewController.h; sourceTree = "<group>"; };
		C9CAB42119914B730004B6D6 /* BrainStormingFirstViewController.m */ = {isa = PBXFileReference; lastKnownFileType = sourcecode.c.objc; path = BrainStormingFirstViewController.m; sourceTree = "<group>"; };
		C9CAB42319914B730004B6D6 /* BrainStormingSecondViewController.h */ = {isa = PBXFileReference; lastKnownFileType = sourcecode.c.h; path = BrainStormingSecondViewController.h; sourceTree = "<group>"; };
		C9CAB42419914B730004B6D6 /* BrainStormingSecondViewController.m */ = {isa = PBXFileReference; lastKnownFileType = sourcecode.c.objc; path = BrainStormingSecondViewController.m; sourceTree = "<group>"; };
		C9CAB42619914B730004B6D6 /* Images.xcassets */ = {isa = PBXFileReference; lastKnownFileType = folder.assetcatalog; path = Images.xcassets; sourceTree = "<group>"; };
		C9CAB42C19914B730004B6D6 /* Hassouseisei2_0Tests.xctest */ = {isa = PBXFileReference; explicitFileType = wrapper.cfbundle; includeInIndex = 0; path = Hassouseisei2_0Tests.xctest; sourceTree = BUILT_PRODUCTS_DIR; };
		C9CAB43519914B730004B6D6 /* Hassouseisei2_0Tests-Info.plist */ = {isa = PBXFileReference; lastKnownFileType = text.plist.xml; path = "Hassouseisei2_0Tests-Info.plist"; sourceTree = "<group>"; };
		C9CAB43719914B730004B6D6 /* en */ = {isa = PBXFileReference; lastKnownFileType = text.plist.strings; name = en; path = en.lproj/InfoPlist.strings; sourceTree = "<group>"; };
		C9CAB43919914B730004B6D6 /* Hassouseisei2_0Tests.m */ = {isa = PBXFileReference; lastKnownFileType = sourcecode.c.objc; path = Hassouseisei2_0Tests.m; sourceTree = "<group>"; };
		C9CAB44319914D1B0004B6D6 /* 09-chat-2.png */ = {isa = PBXFileReference; lastKnownFileType = image.png; path = "09-chat-2.png"; sourceTree = "<group>"; };
		C9CAB44419914D1B0004B6D6 /* 09-chat-2@2x.png */ = {isa = PBXFileReference; lastKnownFileType = image.png; path = "09-chat-2@2x.png"; sourceTree = "<group>"; };
		C9CAB44519914D1B0004B6D6 /* 15-tags.png */ = {isa = PBXFileReference; lastKnownFileType = image.png; path = "15-tags.png"; sourceTree = "<group>"; };
		C9CAB44619914D1B0004B6D6 /* 15-tags@2x.png */ = {isa = PBXFileReference; lastKnownFileType = image.png; path = "15-tags@2x.png"; sourceTree = "<group>"; };
		C9CAB44B1991521B0004B6D6 /* QBFlatButton.h */ = {isa = PBXFileReference; fileEncoding = 4; lastKnownFileType = sourcecode.c.h; path = QBFlatButton.h; sourceTree = "<group>"; };
		C9CAB44C1991521B0004B6D6 /* QBFlatButton.m */ = {isa = PBXFileReference; fileEncoding = 4; lastKnownFileType = sourcecode.c.objc; path = QBFlatButton.m; sourceTree = "<group>"; };
		C9CAB44E1992213A0004B6D6 /* WordPlottScrollView.h */ = {isa = PBXFileReference; fileEncoding = 4; lastKnownFileType = sourcecode.c.h; path = WordPlottScrollView.h; sourceTree = "<group>"; };
		C9CAB44F1992213A0004B6D6 /* WordPlottScrollView.m */ = {isa = PBXFileReference; fileEncoding = 4; lastKnownFileType = sourcecode.c.objc; path = WordPlottScrollView.m; sourceTree = "<group>"; };
		C9D8D56419A8F0B1007887C8 /* SearchViewController.h */ = {isa = PBXFileReference; fileEncoding = 4; lastKnownFileType = sourcecode.c.h; path = SearchViewController.h; sourceTree = "<group>"; };
		C9D8D56519A8F0B1007887C8 /* SearchViewController.m */ = {isa = PBXFileReference; fileEncoding = 4; lastKnownFileType = sourcecode.c.objc; path = SearchViewController.m; sourceTree = "<group>"; };
		C9D8D5B519B4A2DE007887C8 /* CopyrightView.h */ = {isa = PBXFileReference; fileEncoding = 4; lastKnownFileType = sourcecode.c.h; path = CopyrightView.h; sourceTree = "<group>"; };
		C9D8D5B619B4A2DE007887C8 /* CopyrightView.m */ = {isa = PBXFileReference; fileEncoding = 4; lastKnownFileType = sourcecode.c.objc; path = CopyrightView.m; sourceTree = "<group>"; };
		C9D8D5B819B4A2EE007887C8 /* CopyrightViewController.h */ = {isa = PBXFileReference; fileEncoding = 4; lastKnownFileType = sourcecode.c.h; path = CopyrightViewController.h; sourceTree = "<group>"; };
		C9D8D5B919B4A2EE007887C8 /* CopyrightViewController.m */ = {isa = PBXFileReference; fileEncoding = 4; lastKnownFileType = sourcecode.c.objc; path = CopyrightViewController.m; sourceTree = "<group>"; };
		C9D8D5BB19B4B0B7007887C8 /* Icon.png */ = {isa = PBXFileReference; lastKnownFileType = image.png; path = Icon.png; sourceTree = "<group>"; };
		C9D8D5BD19B4B0D1007887C8 /* Icon@2x-1.png */ = {isa = PBXFileReference; lastKnownFileType = image.png; path = "Icon@2x-1.png"; sourceTree = "<group>"; };
		C9D8D5BF19B4B0DA007887C8 /* Icon@2x-2.png */ = {isa = PBXFileReference; lastKnownFileType = image.png; path = "Icon@2x-2.png"; sourceTree = "<group>"; };
		C9D8D5C119B4B0E1007887C8 /* Icon@2x.png */ = {isa = PBXFileReference; lastKnownFileType = image.png; path = "Icon@2x.png"; sourceTree = "<group>"; };
		C9EEA0AD19966BBD00389853 /* BrainStormingFirstViewController_iPad.h */ = {isa = PBXFileReference; fileEncoding = 4; lastKnownFileType = sourcecode.c.h; path = BrainStormingFirstViewController_iPad.h; sourceTree = "<group>"; };
		C9EEA0AE19966BBD00389853 /* BrainStormingFirstViewController_iPad.m */ = {isa = PBXFileReference; fileEncoding = 4; lastKnownFileType = sourcecode.c.objc; path = BrainStormingFirstViewController_iPad.m; sourceTree = "<group>"; };
/* End PBXFileReference section */

/* Begin PBXFrameworksBuildPhase section */
		C9CAB40219914B730004B6D6 /* Frameworks */ = {
			isa = PBXFrameworksBuildPhase;
			buildActionMask = 2147483647;
			files = (
				70B1565F19D05D850037A5DC /* UIKit.framework in Frameworks */,
				70B1565E19D05D790037A5DC /* Foundation.framework in Frameworks */,
				70B1565D19D05D720037A5DC /* CoreGraphics.framework in Frameworks */,
			);
			runOnlyForDeploymentPostprocessing = 0;
		};
		C9CAB42919914B730004B6D6 /* Frameworks */ = {
			isa = PBXFrameworksBuildPhase;
			buildActionMask = 2147483647;
			files = (
			);
			runOnlyForDeploymentPostprocessing = 0;
		};
/* End PBXFrameworksBuildPhase section */

/* Begin PBXGroup section */
		C97735E619A27609002B9B68 /* Japanese */ = {
			isa = PBXGroup;
			children = (
				70B1564D19D04CD80037A5DC /* MedicalWordJp_MachineCollect.h */,
				70B1564E19D04CD80037A5DC /* MedicalWordJp_MachineCollect.m */,
				70DC3BDD19C40203006CFC5E /* WorldHistoryWordStore.h */,
				70DC3BDE19C40203006CFC5E /* WorldHistoryWordStore.m */,
				C97735E019A275DE002B9B68 /* BiologicalWordStore.h */,
				C97735E119A275DE002B9B68 /* BiologicalWordStore.m */,
				C97735E319A275FD002B9B68 /* ChemicalWordStore.h */,
				C97735E419A275FD002B9B68 /* ChemicalWordStore.m */,
				C97735ED19A3A1D8002B9B68 /* ElementaryWord1.h */,
				C97735EE19A3A1D8002B9B68 /* ElementaryWord1.m */,
				C97735F019A3A206002B9B68 /* ITWordStore.h */,
				C97735F119A3A206002B9B68 /* ITWordStore.m */,
				C97735F319A3A21C002B9B68 /* ModeanSocialWord.h */,
				C97735F419A3A21C002B9B68 /* ModeanSocialWord.m */,
				C97735F619A3A230002B9B68 /* OpticalWordStore.h */,
				C97735F719A3A230002B9B68 /* OpticalWordStore.m */,
				C97735F919A3A240002B9B68 /* PhysicalWordStore.h */,
				C97735FA19A3A240002B9B68 /* PhysicalWordStore.m */,
			);
			name = Japanese;
			sourceTree = "<group>";
		};
		C9CAB3FC19914B730004B6D6 = {
			isa = PBXGroup;
			children = (
				C9CAB40E19914B730004B6D6 /* Hassouseisei2_0 */,
				C9CAB43319914B730004B6D6 /* Hassouseisei2_0Tests */,
				C9CAB40719914B730004B6D6 /* Frameworks */,
				C9CAB40619914B730004B6D6 /* Products */,
			);
			sourceTree = "<group>";
		};
		C9CAB40619914B730004B6D6 /* Products */ = {
			isa = PBXGroup;
			children = (
				C9CAB40519914B730004B6D6 /* 発想生成.app */,
				C9CAB42C19914B730004B6D6 /* Hassouseisei2_0Tests.xctest */,
			);
			name = Products;
			sourceTree = "<group>";
		};
		C9CAB40719914B730004B6D6 /* Frameworks */ = {
			isa = PBXGroup;
			children = (
				70B1565819D05C4A0037A5DC /* CoreGraphics.framework */,
				70B1565619D05C2E0037A5DC /* UIKit.framework */,
				70B1565419D05C250037A5DC /* Foundation.framework */,
			);
			name = Frameworks;
			sourceTree = "<group>";
		};
		C9CAB40E19914B730004B6D6 /* Hassouseisei2_0 */ = {
			isa = PBXGroup;
			children = (
				C9D8D5BB19B4B0B7007887C8 /* Icon.png */,
				C9D8D5BD19B4B0D1007887C8 /* Icon@2x-1.png */,
				C9D8D5BF19B4B0DA007887C8 /* Icon@2x-2.png */,
				C9D8D5C119B4B0E1007887C8 /* Icon@2x.png */,
				C9CAB41719914B730004B6D6 /* BrainStormingAppDelegate.h */,
				C9CAB41819914B730004B6D6 /* BrainStormingAppDelegate.m */,
				C9CAB41A19914B730004B6D6 /* Main_iPhone.storyboard */,
				C9CAB41D19914B730004B6D6 /* Main_iPad.storyboard */,
				7037B47319E2CE3B00364C4E /* TaggedWordPlotViewController.h */,
				7037B47419E2CE3B00364C4E /* TaggedWordPlotViewController.m */,
				7037B47019E2CC9400364C4E /* TagPlotTableViewController.h */,
				7037B47119E2CC9500364C4E /* TagPlotTableViewController.m */,
				7037B46A19DD228200364C4E /* StoreTagWordToiDrive.h */,
				7037B46B19DD228200364C4E /* StoreTagWordToiDrive.m */,
				7037B46D19E2BDF900364C4E /* TaggedWordSelectViewController.h */,
				7037B46E19E2BDF900364C4E /* TaggedWordSelectViewController.m */,
				7037B46719DCED7500364C4E /* WordTouchSelectionViewController.h */,
				7037B46819DCED7500364C4E /* WordTouchSelectionViewController.m */,
				C97735FF19A4C8C5002B9B68 /* WordSelectionPlotViewController_iPad.h */,
				C977360019A4C8C5002B9B68 /* WordSelectionPlotViewController_iPad.m */,
				C97735FC19A4C711002B9B68 /* WordSelectionPlotScrollView_iPad.h */,
				C97735FD19A4C711002B9B68 /* WordSelectionPlotScrollView_iPad.m */,
				C97735E719A2771C002B9B68 /* WordSelectionPlotScrollView_iPhone.h */,
				C97735E819A2771C002B9B68 /* WordSelectionPlotScrollView_iPhone.m */,
				C97735D019A243F0002B9B68 /* WordPlotScrollView_iPad.h */,
				C97735D119A243F0002B9B68 /* WordPlotScrollView_iPad.m */,
				C9CAB44E1992213A0004B6D6 /* WordPlottScrollView.h */,
				C9CAB44F1992213A0004B6D6 /* WordPlottScrollView.m */,
				C9EEA0AD19966BBD00389853 /* BrainStormingFirstViewController_iPad.h */,
				C9EEA0AE19966BBD00389853 /* BrainStormingFirstViewController_iPad.m */,
				C9CAB42019914B730004B6D6 /* BrainStormingFirstViewController.h */,
				C9CAB42119914B730004B6D6 /* BrainStormingFirstViewController.m */,
				C9CAB42319914B730004B6D6 /* BrainStormingSecondViewController.h */,
				C9CAB42419914B730004B6D6 /* BrainStormingSecondViewController.m */,
				C9D8D56419A8F0B1007887C8 /* SearchViewController.h */,
				C9D8D56519A8F0B1007887C8 /* SearchViewController.m */,
				C9CAB44B1991521B0004B6D6 /* QBFlatButton.h */,
				C9CAB44C1991521B0004B6D6 /* QBFlatButton.m */,
				C977360219A4D154002B9B68 /* GlobalSetting.h */,
				C977360319A4D155002B9B68 /* GlobalSetting.m */,
				C977360619A610CC002B9B68 /* WordSetControl.h */,
				C977360719A610CC002B9B68 /* WordSetControl.m */,
				C9D8D5B519B4A2DE007887C8 /* CopyrightView.h */,
				C9D8D5B619B4A2DE007887C8 /* CopyrightView.m */,
				C9D8D5B819B4A2EE007887C8 /* CopyrightViewController.h */,
				C9D8D5B919B4A2EE007887C8 /* CopyrightViewController.m */,
				C97735E619A27609002B9B68 /* Japanese */,
				C9CAB44319914D1B0004B6D6 /* 09-chat-2.png */,
				C9CAB44419914D1B0004B6D6 /* 09-chat-2@2x.png */,
				C9CAB44519914D1B0004B6D6 /* 15-tags.png */,
				C9CAB44619914D1B0004B6D6 /* 15-tags@2x.png */,
				C9CAB42619914B730004B6D6 /* Images.xcassets */,
				C9CAB40F19914B730004B6D6 /* Supporting Files */,
			);
			path = Hassouseisei2_0;
			sourceTree = "<group>";
		};
		C9CAB40F19914B730004B6D6 /* Supporting Files */ = {
			isa = PBXGroup;
			children = (
				C9CAB41019914B730004B6D6 /* Hassouseisei2_0-Info.plist */,
				C9CAB41119914B730004B6D6 /* InfoPlist.strings */,
				C9CAB41419914B730004B6D6 /* main.m */,
				C9CAB41619914B730004B6D6 /* Hassouseisei2_0-Prefix.pch */,
			);
			name = "Supporting Files";
			sourceTree = "<group>";
		};
		C9CAB43319914B730004B6D6 /* Hassouseisei2_0Tests */ = {
			isa = PBXGroup;
			children = (
				C9CAB43919914B730004B6D6 /* Hassouseisei2_0Tests.m */,
				C9CAB43419914B730004B6D6 /* Supporting Files */,
			);
			path = Hassouseisei2_0Tests;
			sourceTree = "<group>";
		};
		C9CAB43419914B730004B6D6 /* Supporting Files */ = {
			isa = PBXGroup;
			children = (
				C9CAB43519914B730004B6D6 /* Hassouseisei2_0Tests-Info.plist */,
				C9CAB43619914B730004B6D6 /* InfoPlist.strings */,
			);
			name = "Supporting Files";
			sourceTree = "<group>";
		};
/* End PBXGroup section */

/* Begin PBXNativeTarget section */
		C9CAB40419914B730004B6D6 /* Hassouseisei2_0 */ = {
			isa = PBXNativeTarget;
			buildConfigurationList = C9CAB43D19914B730004B6D6 /* Build configuration list for PBXNativeTarget "Hassouseisei2_0" */;
			buildPhases = (
				C9CAB40119914B730004B6D6 /* Sources */,
				C9CAB40219914B730004B6D6 /* Frameworks */,
				C9CAB40319914B730004B6D6 /* Resources */,
			);
			buildRules = (
			);
			dependencies = (
			);
			name = Hassouseisei2_0;
			productName = Hassouseisei2_0;
			productReference = C9CAB40519914B730004B6D6 /* 発想生成.app */;
			productType = "com.apple.product-type.application";
		};
		C9CAB42B19914B730004B6D6 /* Hassouseisei2_0Tests */ = {
			isa = PBXNativeTarget;
			buildConfigurationList = C9CAB44019914B730004B6D6 /* Build configuration list for PBXNativeTarget "Hassouseisei2_0Tests" */;
			buildPhases = (
				C9CAB42819914B730004B6D6 /* Sources */,
				C9CAB42919914B730004B6D6 /* Frameworks */,
				C9CAB42A19914B730004B6D6 /* Resources */,
			);
			buildRules = (
			);
			dependencies = (
				C9CAB43219914B730004B6D6 /* PBXTargetDependency */,
				70B1566119D0610A0037A5DC /* PBXTargetDependency */,
			);
			name = Hassouseisei2_0Tests;
			productName = Hassouseisei2_0Tests;
			productReference = C9CAB42C19914B730004B6D6 /* Hassouseisei2_0Tests.xctest */;
			productType = "com.apple.product-type.bundle.unit-test";
		};
/* End PBXNativeTarget section */

/* Begin PBXProject section */
		C9CAB3FD19914B730004B6D6 /* Project object */ = {
			isa = PBXProject;
			attributes = {
				CLASSPREFIX = BrainStorming;
				LastUpgradeCheck = 0510;
				ORGANIZATIONNAME = "ナノソフトウェア";
				TargetAttributes = {
					C9CAB40419914B730004B6D6 = {
						DevelopmentTeam = X4JADE2386;
					};
					C9CAB42B19914B730004B6D6 = {
						TestTargetID = C9CAB40419914B730004B6D6;
					};
				};
			};
			buildConfigurationList = C9CAB40019914B730004B6D6 /* Build configuration list for PBXProject "Hassouseisei2_0" */;
			compatibilityVersion = "Xcode 3.2";
			developmentRegion = English;
			hasScannedForEncodings = 0;
			knownRegions = (
				en,
				Base,
			);
			mainGroup = C9CAB3FC19914B730004B6D6;
			productRefGroup = C9CAB40619914B730004B6D6 /* Products */;
			projectDirPath = "";
			projectRoot = "";
			targets = (
				C9CAB40419914B730004B6D6 /* Hassouseisei2_0 */,
				C9CAB42B19914B730004B6D6 /* Hassouseisei2_0Tests */,
			);
		};
/* End PBXProject section */

/* Begin PBXResourcesBuildPhase section */
		C9CAB40319914B730004B6D6 /* Resources */ = {
			isa = PBXResourcesBuildPhase;
			buildActionMask = 2147483647;
			files = (
				C9D8D5BC19B4B0B7007887C8 /* Icon.png in Resources */,
				C9D8D5C219B4B0E1007887C8 /* Icon@2x.png in Resources */,
				C9D8D5BE19B4B0D1007887C8 /* Icon@2x-1.png in Resources */,
				C9CAB44819914D1B0004B6D6 /* 09-chat-2@2x.png in Resources */,
				C9CAB44919914D1B0004B6D6 /* 15-tags.png in Resources */,
				C9CAB41F19914B730004B6D6 /* Main_iPad.storyboard in Resources */,
				C9CAB42719914B730004B6D6 /* Images.xcassets in Resources */,
				C9D8D5C019B4B0DA007887C8 /* Icon@2x-2.png in Resources */,
				C9CAB41C19914B730004B6D6 /* Main_iPhone.storyboard in Resources */,
				C9CAB44A19914D1B0004B6D6 /* 15-tags@2x.png in Resources */,
				C9CAB41319914B730004B6D6 /* InfoPlist.strings in Resources */,
				C9CAB44719914D1B0004B6D6 /* 09-chat-2.png in Resources */,
			);
			runOnlyForDeploymentPostprocessing = 0;
		};
		C9CAB42A19914B730004B6D6 /* Resources */ = {
			isa = PBXResourcesBuildPhase;
			buildActionMask = 2147483647;
			files = (
				C9CAB43819914B730004B6D6 /* InfoPlist.strings in Resources */,
			);
			runOnlyForDeploymentPostprocessing = 0;
		};
/* End PBXResourcesBuildPhase section */

/* Begin PBXSourcesBuildPhase section */
		C9CAB40119914B730004B6D6 /* Sources */ = {
			isa = PBXSourcesBuildPhase;
			buildActionMask = 2147483647;
			files = (
				C97735F219A3A206002B9B68 /* ITWordStore.m in Sources */,
				C97735E919A2771C002B9B68 /* WordSelectionPlotScrollView_iPhone.m in Sources */,
				C9CAB42519914B730004B6D6 /* BrainStormingSecondViewController.m in Sources */,
				C9CAB4501992213A0004B6D6 /* WordPlottScrollView.m in Sources */,
				C97735FE19A4C711002B9B68 /* WordSelectionPlotScrollView_iPad.m in Sources */,
				C97735FB19A3A240002B9B68 /* PhysicalWordStore.m in Sources */,
				C97735EF19A3A1D8002B9B68 /* ElementaryWord1.m in Sources */,
				C9D8D5BA19B4A2EE007887C8 /* CopyrightViewController.m in Sources */,
				C97735F819A3A230002B9B68 /* OpticalWordStore.m in Sources */,
				C977360819A610CC002B9B68 /* WordSetControl.m in Sources */,
				70B1564F19D04CD80037A5DC /* MedicalWordJp_MachineCollect.m in Sources */,
				C977360119A4C8C5002B9B68 /* WordSelectionPlotViewController_iPad.m in Sources */,
				7037B46C19DD228200364C4E /* StoreTagWordToiDrive.m in Sources */,
				7037B47219E2CC9500364C4E /* TagPlotTableViewController.m in Sources */,
				C9EEA0AF19966BBD00389853 /* BrainStormingFirstViewController_iPad.m in Sources */,
				7037B47519E2CE3B00364C4E /* TaggedWordPlotViewController.m in Sources */,
				C9CAB44D1991521B0004B6D6 /* QBFlatButton.m in Sources */,
				C9CAB42219914B730004B6D6 /* BrainStormingFirstViewController.m in Sources */,
				7037B46F19E2BDF900364C4E /* TaggedWordSelectViewController.m in Sources */,
				C9D8D56619A8F0B1007887C8 /* SearchViewController.m in Sources */,
				C9CAB41919914B730004B6D6 /* BrainStormingAppDelegate.m in Sources */,
				C97735D219A243F0002B9B68 /* WordPlotScrollView_iPad.m in Sources */,
				C9D8D5B719B4A2DE007887C8 /* CopyrightView.m in Sources */,
				7037B46919DCED7500364C4E /* WordTouchSelectionViewController.m in Sources */,
				C97735E219A275DE002B9B68 /* BiologicalWordStore.m in Sources */,
				C977360419A4D155002B9B68 /* GlobalSetting.m in Sources */,
				C9CAB41519914B730004B6D6 /* main.m in Sources */,
				70DC3BDF19C40203006CFC5E /* WorldHistoryWordStore.m in Sources */,
				C97735F519A3A21C002B9B68 /* ModeanSocialWord.m in Sources */,
				C97735E519A275FD002B9B68 /* ChemicalWordStore.m in Sources */,
			);
			runOnlyForDeploymentPostprocessing = 0;
		};
		C9CAB42819914B730004B6D6 /* Sources */ = {
			isa = PBXSourcesBuildPhase;
			buildActionMask = 2147483647;
			files = (
				C9CAB43A19914B730004B6D6 /* Hassouseisei2_0Tests.m in Sources */,
			);
			runOnlyForDeploymentPostprocessing = 0;
		};
/* End PBXSourcesBuildPhase section */

/* Begin PBXTargetDependency section */
		70B1566119D0610A0037A5DC /* PBXTargetDependency */ = {
			isa = PBXTargetDependency;
			target = C9CAB40419914B730004B6D6 /* Hassouseisei2_0 */;
			targetProxy = 70B1566019D0610A0037A5DC /* PBXContainerItemProxy */;
		};
		C9CAB43219914B730004B6D6 /* PBXTargetDependency */ = {
			isa = PBXTargetDependency;
			target = C9CAB40419914B730004B6D6 /* Hassouseisei2_0 */;
			targetProxy = C9CAB43119914B730004B6D6 /* PBXContainerItemProxy */;
		};
/* End PBXTargetDependency section */

/* Begin PBXVariantGroup section */
		C9CAB41119914B730004B6D6 /* InfoPlist.strings */ = {
			isa = PBXVariantGroup;
			children = (
				C9CAB41219914B730004B6D6 /* en */,
			);
			name = InfoPlist.strings;
			sourceTree = "<group>";
		};
		C9CAB41A19914B730004B6D6 /* Main_iPhone.storyboard */ = {
			isa = PBXVariantGroup;
			children = (
				C9CAB41B19914B730004B6D6 /* Base */,
			);
			name = Main_iPhone.storyboard;
			sourceTree = "<group>";
		};
		C9CAB41D19914B730004B6D6 /* Main_iPad.storyboard */ = {
			isa = PBXVariantGroup;
			children = (
				C9CAB41E19914B730004B6D6 /* Base */,
			);
			name = Main_iPad.storyboard;
			sourceTree = "<group>";
		};
		C9CAB43619914B730004B6D6 /* InfoPlist.strings */ = {
			isa = PBXVariantGroup;
			children = (
				C9CAB43719914B730004B6D6 /* en */,
			);
			name = InfoPlist.strings;
			sourceTree = "<group>";
		};
/* End PBXVariantGroup section */

/* Begin XCBuildConfiguration section */
		C9CAB43B19914B730004B6D6 /* Debug */ = {
			isa = XCBuildConfiguration;
			buildSettings = {
				ALWAYS_SEARCH_USER_PATHS = NO;
				CLANG_CXX_LANGUAGE_STANDARD = "gnu++0x";
				CLANG_CXX_LIBRARY = "libc++";
				CLANG_ENABLE_MODULES = YES;
				CLANG_ENABLE_OBJC_ARC = YES;
				CLANG_WARN_BOOL_CONVERSION = YES;
				CLANG_WARN_CONSTANT_CONVERSION = YES;
				CLANG_WARN_DIRECT_OBJC_ISA_USAGE = YES_ERROR;
				CLANG_WARN_EMPTY_BODY = YES;
				CLANG_WARN_ENUM_CONVERSION = YES;
				CLANG_WARN_INT_CONVERSION = YES;
				CLANG_WARN_OBJC_ROOT_CLASS = YES_ERROR;
				CLANG_WARN__DUPLICATE_METHOD_MATCH = YES;
				"CODE_SIGN_IDENTITY[sdk=iphoneos*]" = "iPhone Developer";
				COPY_PHASE_STRIP = NO;
				GCC_C_LANGUAGE_STANDARD = gnu99;
				GCC_DYNAMIC_NO_PIC = NO;
				GCC_OPTIMIZATION_LEVEL = 0;
				GCC_PREPROCESSOR_DEFINITIONS = (
					"DEBUG=1",
					"$(inherited)",
				);
				GCC_SYMBOLS_PRIVATE_EXTERN = NO;
				GCC_WARN_64_TO_32_BIT_CONVERSION = YES;
				GCC_WARN_ABOUT_RETURN_TYPE = YES_ERROR;
				GCC_WARN_UNDECLARED_SELECTOR = YES;
				GCC_WARN_UNINITIALIZED_AUTOS = YES_AGGRESSIVE;
				GCC_WARN_UNUSED_FUNCTION = YES;
				GCC_WARN_UNUSED_VARIABLE = YES;
				IPHONEOS_DEPLOYMENT_TARGET = 8.0;
				ONLY_ACTIVE_ARCH = YES;
				SDKROOT = iphoneos;
				TARGETED_DEVICE_FAMILY = "1,2";
			};
			name = Debug;
		};
		C9CAB43C19914B730004B6D6 /* Release */ = {
			isa = XCBuildConfiguration;
			buildSettings = {
				ALWAYS_SEARCH_USER_PATHS = NO;
				CLANG_CXX_LANGUAGE_STANDARD = "gnu++0x";
				CLANG_CXX_LIBRARY = "libc++";
				CLANG_ENABLE_MODULES = YES;
				CLANG_ENABLE_OBJC_ARC = YES;
				CLANG_WARN_BOOL_CONVERSION = YES;
				CLANG_WARN_CONSTANT_CONVERSION = YES;
				CLANG_WARN_DIRECT_OBJC_ISA_USAGE = YES_ERROR;
				CLANG_WARN_EMPTY_BODY = YES;
				CLANG_WARN_ENUM_CONVERSION = YES;
				CLANG_WARN_INT_CONVERSION = YES;
				CLANG_WARN_OBJC_ROOT_CLASS = YES_ERROR;
				CLANG_WARN__DUPLICATE_METHOD_MATCH = YES;
				"CODE_SIGN_IDENTITY[sdk=iphoneos*]" = "iPhone Distribution";
				COPY_PHASE_STRIP = YES;
				ENABLE_NS_ASSERTIONS = NO;
				GCC_C_LANGUAGE_STANDARD = gnu99;
				GCC_WARN_64_TO_32_BIT_CONVERSION = YES;
				GCC_WARN_ABOUT_RETURN_TYPE = YES_ERROR;
				GCC_WARN_UNDECLARED_SELECTOR = YES;
				GCC_WARN_UNINITIALIZED_AUTOS = YES_AGGRESSIVE;
				GCC_WARN_UNUSED_FUNCTION = YES;
				GCC_WARN_UNUSED_VARIABLE = YES;
				IPHONEOS_DEPLOYMENT_TARGET = 8.0;
				SDKROOT = iphoneos;
				TARGETED_DEVICE_FAMILY = "1,2";
				VALIDATE_PRODUCT = YES;
			};
			name = Release;
		};
		C9CAB43E19914B730004B6D6 /* Debug */ = {
			isa = XCBuildConfiguration;
			buildSettings = {
				ASSETCATALOG_COMPILER_APPICON_NAME = AppIcon;
				ASSETCATALOG_COMPILER_LAUNCHIMAGE_NAME = LaunchImage;
				CODE_SIGN_IDENTITY = "iPhone Developer";
				"CODE_SIGN_IDENTITY[sdk=iphoneos*]" = "iPhone Developer";
				GCC_PRECOMPILE_PREFIX_HEADER = YES;
				GCC_PREFIX_HEADER = "Hassouseisei2_0/Hassouseisei2_0-Prefix.pch";
				INFOPLIST_FILE = "Hassouseisei2_0/Hassouseisei2_0-Info.plist";
				IPHONEOS_DEPLOYMENT_TARGET = 8.0;
				LD_RUNPATH_SEARCH_PATHS = "$(inherited) @executable_path/Frameworks";
				PRODUCT_NAME = "発想生成";
				PROVISIONING_PROFILE = "ad6d3c9e-770b-4820-998b-a0bbd6daf7cb";
				WRAPPER_EXTENSION = app;
			};
			name = Debug;
		};
		C9CAB43F19914B730004B6D6 /* Release */ = {
			isa = XCBuildConfiguration;
			buildSettings = {
				ASSETCATALOG_COMPILER_APPICON_NAME = AppIcon;
				ASSETCATALOG_COMPILER_LAUNCHIMAGE_NAME = LaunchImage;
				CODE_SIGN_IDENTITY = "iPhone Distribution: Daisuke Oka (X4JADE2386)";
				"CODE_SIGN_IDENTITY[sdk=iphoneos*]" = "iPhone Developer";
				GCC_PRECOMPILE_PREFIX_HEADER = YES;
				GCC_PREFIX_HEADER = "Hassouseisei2_0/Hassouseisei2_0-Prefix.pch";
				INFOPLIST_FILE = "Hassouseisei2_0/Hassouseisei2_0-Info.plist";
				IPHONEOS_DEPLOYMENT_TARGET = 8.0;
				LD_RUNPATH_SEARCH_PATHS = "$(inherited) @executable_path/Frameworks";
				PRODUCT_NAME = "発想生成";
				PROVISIONING_PROFILE = "ad6d3c9e-770b-4820-998b-a0bbd6daf7cb";
				WRAPPER_EXTENSION = app;
			};
			name = Release;
		};
		C9CAB44119914B730004B6D6 /* Debug */ = {
			isa = XCBuildConfiguration;
			buildSettings = {
				BUNDLE_LOADER = "$(TEST_HOST)";
				FRAMEWORK_SEARCH_PATHS = (
					"$(SDKROOT)/Developer/Library/Frameworks",
					"$(inherited)",
					"$(DEVELOPER_FRAMEWORKS_DIR)",
				);
				GCC_PRECOMPILE_PREFIX_HEADER = YES;
				GCC_PREFIX_HEADER = "Hassouseisei2_0/Hassouseisei2_0-Prefix.pch";
				GCC_PREPROCESSOR_DEFINITIONS = (
					"DEBUG=1",
					"$(inherited)",
				);
				INFOPLIST_FILE = "Hassouseisei2_0Tests/Hassouseisei2_0Tests-Info.plist";
				PRODUCT_NAME = "$(TARGET_NAME)";
				TEST_HOST = "$(BUILT_PRODUCTS_DIR)/発想生成.app/発想生成";
				WRAPPER_EXTENSION = xctest;
			};
			name = Debug;
		};
		C9CAB44219914B730004B6D6 /* Release */ = {
			isa = XCBuildConfiguration;
			buildSettings = {
				BUNDLE_LOADER = "$(TEST_HOST)";
				FRAMEWORK_SEARCH_PATHS = (
					"$(SDKROOT)/Developer/Library/Frameworks",
					"$(inherited)",
					"$(DEVELOPER_FRAMEWORKS_DIR)",
				);
				GCC_PRECOMPILE_PREFIX_HEADER = YES;
				GCC_PREFIX_HEADER = "Hassouseisei2_0/Hassouseisei2_0-Prefix.pch";
				INFOPLIST_FILE = "Hassouseisei2_0Tests/Hassouseisei2_0Tests-Info.plist";
				PRODUCT_NAME = "$(TARGET_NAME)";
				TEST_HOST = "$(BUILT_PRODUCTS_DIR)/発想生成.app/発想生成";
				WRAPPER_EXTENSION = xctest;
			};
			name = Release;
		};
/* End XCBuildConfiguration section */

/* Begin XCConfigurationList section */
		C9CAB40019914B730004B6D6 /* Build configuration list for PBXProject "Hassouseisei2_0" */ = {
			isa = XCConfigurationList;
			buildConfigurations = (
				C9CAB43B19914B730004B6D6 /* Debug */,
				C9CAB43C19914B730004B6D6 /* Release */,
			);
			defaultConfigurationIsVisible = 0;
			defaultConfigurationName = Release;
		};
		C9CAB43D19914B730004B6D6 /* Build configuration list for PBXNativeTarget "Hassouseisei2_0" */ = {
			isa = XCConfigurationList;
			buildConfigurations = (
				C9CAB43E19914B730004B6D6 /* Debug */,
				C9CAB43F19914B730004B6D6 /* Release */,
			);
			defaultConfigurationIsVisible = 0;
			defaultConfigurationName = Release;
		};
		C9CAB44019914B730004B6D6 /* Build configuration list for PBXNativeTarget "Hassouseisei2_0Tests" */ = {
			isa = XCConfigurationList;
			buildConfigurations = (
				C9CAB44119914B730004B6D6 /* Debug */,
				C9CAB44219914B730004B6D6 /* Release */,
			);
			defaultConfigurationIsVisible = 0;
			defaultConfigurationName = Release;
		};
/* End XCConfigurationList section */
	};
	rootObject = C9CAB3FD19914B730004B6D6 /* Project object */;
}
