// !$*UTF8*$!
{
	archiveVersion = 1;
	classes = {
	};
	objectVersion = 46;
	objects = {

/* Begin PBXBuildFile section */
		C9CAB40919914B730004B6D6 /* Foundation.framework in Frameworks */ = {isa = PBXBuildFile; fileRef = C9CAB40819914B730004B6D6 /* Foundation.framework */; };
		C9CAB40B19914B730004B6D6 /* CoreGraphics.framework in Frameworks */ = {isa = PBXBuildFile; fileRef = C9CAB40A19914B730004B6D6 /* CoreGraphics.framework */; };
		C9CAB40D19914B730004B6D6 /* UIKit.framework in Frameworks */ = {isa = PBXBuildFile; fileRef = C9CAB40C19914B730004B6D6 /* UIKit.framework */; };
		C9CAB41319914B730004B6D6 /* InfoPlist.strings in Resources */ = {isa = PBXBuildFile; fileRef = C9CAB41119914B730004B6D6 /* InfoPlist.strings */; };
		C9CAB41519914B730004B6D6 /* main.m in Sources */ = {isa = PBXBuildFile; fileRef = C9CAB41419914B730004B6D6 /* main.m */; };
		C9CAB41919914B730004B6D6 /* BrainStormingAppDelegate.m in Sources */ = {isa = PBXBuildFile; fileRef = C9CAB41819914B730004B6D6 /* BrainStormingAppDelegate.m */; };
		C9CAB41C19914B730004B6D6 /* Main_iPhone.storyboard in Resources */ = {isa = PBXBuildFile; fileRef = C9CAB41A19914B730004B6D6 /* Main_iPhone.storyboard */; };
		C9CAB41F19914B730004B6D6 /* Main_iPad.storyboard in Resources */ = {isa = PBXBuildFile; fileRef = C9CAB41D19914B730004B6D6 /* Main_iPad.storyboard */; };
		C9CAB42219914B730004B6D6 /* BrainStormingFirstViewController.m in Sources */ = {isa = PBXBuildFile; fileRef = C9CAB42119914B730004B6D6 /* BrainStormingFirstViewController.m */; };
		C9CAB42519914B730004B6D6 /* BrainStormingSecondViewController.m in Sources */ = {isa = PBXBuildFile; fileRef = C9CAB42419914B730004B6D6 /* BrainStormingSecondViewController.m */; };
		C9CAB42719914B730004B6D6 /* Images.xcassets in Resources */ = {isa = PBXBuildFile; fileRef = C9CAB42619914B730004B6D6 /* Images.xcassets */; };
		C9CAB42E19914B730004B6D6 /* XCTest.framework in Frameworks */ = {isa = PBXBuildFile; fileRef = C9CAB42D19914B730004B6D6 /* XCTest.framework */; };
		C9CAB42F19914B730004B6D6 /* Foundation.framework in Frameworks */ = {isa = PBXBuildFile; fileRef = C9CAB40819914B730004B6D6 /* Foundation.framework */; };
		C9CAB43019914B730004B6D6 /* UIKit.framework in Frameworks */ = {isa = PBXBuildFile; fileRef = C9CAB40C19914B730004B6D6 /* UIKit.framework */; };
		C9CAB43819914B730004B6D6 /* InfoPlist.strings in Resources */ = {isa = PBXBuildFile; fileRef = C9CAB43619914B730004B6D6 /* InfoPlist.strings */; };
		C9CAB43A19914B730004B6D6 /* Hassouseisei2_0Tests.m in Sources */ = {isa = PBXBuildFile; fileRef = C9CAB43919914B730004B6D6 /* Hassouseisei2_0Tests.m */; };
		C9CAB44719914D1B0004B6D6 /* 09-chat-2.png in Resources */ = {isa = PBXBuildFile; fileRef = C9CAB44319914D1B0004B6D6 /* 09-chat-2.png */; };
		C9CAB44819914D1B0004B6D6 /* 09-chat-2@2x.png in Resources */ = {isa = PBXBuildFile; fileRef = C9CAB44419914D1B0004B6D6 /* 09-chat-2@2x.png */; };
		C9CAB44919914D1B0004B6D6 /* 15-tags.png in Resources */ = {isa = PBXBuildFile; fileRef = C9CAB44519914D1B0004B6D6 /* 15-tags.png */; };
		C9CAB44A19914D1B0004B6D6 /* 15-tags@2x.png in Resources */ = {isa = PBXBuildFile; fileRef = C9CAB44619914D1B0004B6D6 /* 15-tags@2x.png */; };
/* End PBXBuildFile section */

/* Begin PBXContainerItemProxy section */
		C9CAB43119914B730004B6D6 /* PBXContainerItemProxy */ = {
			isa = PBXContainerItemProxy;
			containerPortal = C9CAB3FD19914B730004B6D6 /* Project object */;
			proxyType = 1;
			remoteGlobalIDString = C9CAB40419914B730004B6D6;
			remoteInfo = Hassouseisei2_0;
		};
/* End PBXContainerItemProxy section */

/* Begin PBXFileReference section */
		C9CAB40519914B730004B6D6 /* Hassouseisei2_0.app */ = {isa = PBXFileReference; explicitFileType = wrapper.application; includeInIndex = 0; path = Hassouseisei2_0.app; sourceTree = BUILT_PRODUCTS_DIR; };
		C9CAB40819914B730004B6D6 /* Foundation.framework */ = {isa = PBXFileReference; lastKnownFileType = wrapper.framework; name = Foundation.framework; path = System/Library/Frameworks/Foundation.framework; sourceTree = SDKROOT; };
		C9CAB40A19914B730004B6D6 /* CoreGraphics.framework */ = {isa = PBXFileReference; lastKnownFileType = wrapper.framework; name = CoreGraphics.framework; path = System/Library/Frameworks/CoreGraphics.framework; sourceTree = SDKROOT; };
		C9CAB40C19914B730004B6D6 /* UIKit.framework */ = {isa = PBXFileReference; lastKnownFileType = wrapper.framework; name = UIKit.framework; path = System/Library/Frameworks/UIKit.framework; sourceTree = SDKROOT; };
		C9CAB41019914B730004B6D6 /* Hassouseisei2_0-Info.plist */ = {isa = PBXFileReference; lastKnownFileType = text.plist.xml; path = "Hassouseisei2_0-Info.plist"; sourceTree = "<group>"; };
		C9CAB41219914B730004B6D6 /* en */ = {isa = PBXFileReference; lastKnownFileType = text.plist.strings; name = en; path = en.lproj/InfoPlist.strings; sourceTree = "<group>"; };
		C9CAB41419914B730004B6D6 /* main.m */ = {isa = PBXFileReference; lastKnownFileType = sourcecode.c.objc; path = main.m; sourceTree = "<group>"; };
		C9CAB41619914B730004B6D6 /* Hassouseisei2_0-Prefix.pch */ = {isa = PBXFileReference; lastKnownFileType = sourcecode.c.h; path = "Hassouseisei2_0-Prefix.pch"; sourceTree = "<group>"; };
		C9CAB41719914B730004B6D6 /* BrainStormingAppDelegate.h */ = {isa = PBXFileReference; lastKnownFileType = sourcecode.c.h; path = BrainStormingAppDelegate.h; sourceTree = "<group>"; };
		C9CAB41819914B730004B6D6 /* BrainStormingAppDelegate.m */ = {isa = PBXFileReference; lastKnownFileType = sourcecode.c.objc; path = BrainStormingAppDelegate.m; sourceTree = "<group>"; };
		C9CAB41B19914B730004B6D6 /* Base */ = {isa = PBXFileReference; lastKnownFileType = file.storyboard; name = Base; path = Base.lproj/Main_iPhone.storyboard; sourceTree = "<group>"; };
		C9CAB41E19914B730004B6D6 /* Base */ = {isa = PBXFileReference; lastKnownFileType = file.storyboard; name = Base; path = Base.lproj/Main_iPad.storyboard; sourceTree = "<group>"; };
		C9CAB42019914B730004B6D6 /* BrainStormingFirstViewController.h */ = {isa = PBXFileReference; lastKnownFileType = sourcecode.c.h; path = BrainStormingFirstViewController.h; sourceTree = "<group>"; };
		C9CAB42119914B730004B6D6 /* BrainStormingFirstViewController.m */ = {isa = PBXFileReference; lastKnownFileType = sourcecode.c.objc; path = BrainStormingFirstViewController.m; sourceTree = "<group>"; };
		C9CAB42319914B730004B6D6 /* BrainStormingSecondViewController.h */ = {isa = PBXFileReference; lastKnownFileType = sourcecode.c.h; path = BrainStormingSecondViewController.h; sourceTree = "<group>"; };
		C9CAB42419914B730004B6D6 /* BrainStormingSecondViewController.m */ = {isa = PBXFileReference; lastKnownFileType = sourcecode.c.objc; path = BrainStormingSecondViewController.m; sourceTree = "<group>"; };
		C9CAB42619914B730004B6D6 /* Images.xcassets */ = {isa = PBXFileReference; lastKnownFileType = folder.assetcatalog; path = Images.xcassets; sourceTree = "<group>"; };
		C9CAB42C19914B730004B6D6 /* Hassouseisei2_0Tests.xctest */ = {isa = PBXFileReference; explicitFileType = wrapper.cfbundle; includeInIndex = 0; path = Hassouseisei2_0Tests.xctest; sourceTree = BUILT_PRODUCTS_DIR; };
		C9CAB42D19914B730004B6D6 /* XCTest.framework */ = {isa = PBXFileReference; lastKnownFileType = wrapper.framework; name = XCTest.framework; path = Library/Frameworks/XCTest.framework; sourceTree = DEVELOPER_DIR; };
		C9CAB43519914B730004B6D6 /* Hassouseisei2_0Tests-Info.plist */ = {isa = PBXFileReference; lastKnownFileType = text.plist.xml; path = "Hassouseisei2_0Tests-Info.plist"; sourceTree = "<group>"; };
		C9CAB43719914B730004B6D6 /* en */ = {isa = PBXFileReference; lastKnownFileType = text.plist.strings; name = en; path = en.lproj/InfoPlist.strings; sourceTree = "<group>"; };
		C9CAB43919914B730004B6D6 /* Hassouseisei2_0Tests.m */ = {isa = PBXFileReference; lastKnownFileType = sourcecode.c.objc; path = Hassouseisei2_0Tests.m; sourceTree = "<group>"; };
		C9CAB44319914D1B0004B6D6 /* 09-chat-2.png */ = {isa = PBXFileReference; lastKnownFileType = image.png; path = "09-chat-2.png"; sourceTree = "<group>"; };
		C9CAB44419914D1B0004B6D6 /* 09-chat-2@2x.png */ = {isa = PBXFileReference; lastKnownFileType = image.png; path = "09-chat-2@2x.png"; sourceTree = "<group>"; };
		C9CAB44519914D1B0004B6D6 /* 15-tags.png */ = {isa = PBXFileReference; lastKnownFileType = image.png; path = "15-tags.png"; sourceTree = "<group>"; };
		C9CAB44619914D1B0004B6D6 /* 15-tags@2x.png */ = {isa = PBXFileReference; lastKnownFileType = image.png; path = "15-tags@2x.png"; sourceTree = "<group>"; };
/* End PBXFileReference section */

/* Begin PBXFrameworksBuildPhase section */
		C9CAB40219914B730004B6D6 /* Frameworks */ = {
			isa = PBXFrameworksBuildPhase;
			buildActionMask = 2147483647;
			files = (
				C9CAB40B19914B730004B6D6 /* CoreGraphics.framework in Frameworks */,
				C9CAB40D19914B730004B6D6 /* UIKit.framework in Frameworks */,
				C9CAB40919914B730004B6D6 /* Foundation.framework in Frameworks */,
			);
			runOnlyForDeploymentPostprocessing = 0;
		};
		C9CAB42919914B730004B6D6 /* Frameworks */ = {
			isa = PBXFrameworksBuildPhase;
			buildActionMask = 2147483647;
			files = (
				C9CAB42E19914B730004B6D6 /* XCTest.framework in Frameworks */,
				C9CAB43019914B730004B6D6 /* UIKit.framework in Frameworks */,
				C9CAB42F19914B730004B6D6 /* Foundation.framework in Frameworks */,
			);
			runOnlyForDeploymentPostprocessing = 0;
		};
/* End PBXFrameworksBuildPhase section */

/* Begin PBXGroup section */
		C9CAB3FC19914B730004B6D6 = {
			isa = PBXGroup;
			children = (
				C9CAB40E19914B730004B6D6 /* Hassouseisei2_0 */,
				C9CAB43319914B730004B6D6 /* Hassouseisei2_0Tests */,
				C9CAB40719914B730004B6D6 /* Frameworks */,
				C9CAB40619914B730004B6D6 /* Products */,
			);
			sourceTree = "<group>";
		};
		C9CAB40619914B730004B6D6 /* Products */ = {
			isa = PBXGroup;
			children = (
				C9CAB40519914B730004B6D6 /* Hassouseisei2_0.app */,
				C9CAB42C19914B730004B6D6 /* Hassouseisei2_0Tests.xctest */,
			);
			name = Products;
			sourceTree = "<group>";
		};
		C9CAB40719914B730004B6D6 /* Frameworks */ = {
			isa = PBXGroup;
			children = (
				C9CAB40819914B730004B6D6 /* Foundation.framework */,
				C9CAB40A19914B730004B6D6 /* CoreGraphics.framework */,
				C9CAB40C19914B730004B6D6 /* UIKit.framework */,
				C9CAB42D19914B730004B6D6 /* XCTest.framework */,
			);
			name = Frameworks;
			sourceTree = "<group>";
		};
		C9CAB40E19914B730004B6D6 /* Hassouseisei2_0 */ = {
			isa = PBXGroup;
			children = (
				C9CAB41719914B730004B6D6 /* BrainStormingAppDelegate.h */,
				C9CAB41819914B730004B6D6 /* BrainStormingAppDelegate.m */,
				C9CAB41A19914B730004B6D6 /* Main_iPhone.storyboard */,
				C9CAB41D19914B730004B6D6 /* Main_iPad.storyboard */,
				C9CAB42019914B730004B6D6 /* BrainStormingFirstViewController.h */,
				C9CAB42119914B730004B6D6 /* BrainStormingFirstViewController.m */,
				C9CAB42319914B730004B6D6 /* BrainStormingSecondViewController.h */,
				C9CAB42419914B730004B6D6 /* BrainStormingSecondViewController.m */,
				C9CAB44319914D1B0004B6D6 /* 09-chat-2.png */,
				C9CAB44419914D1B0004B6D6 /* 09-chat-2@2x.png */,
				C9CAB44519914D1B0004B6D6 /* 15-tags.png */,
				C9CAB44619914D1B0004B6D6 /* 15-tags@2x.png */,
				C9CAB42619914B730004B6D6 /* Images.xcassets */,
				C9CAB40F19914B730004B6D6 /* Supporting Files */,
			);
			path = Hassouseisei2_0;
			sourceTree = "<group>";
		};
		C9CAB40F19914B730004B6D6 /* Supporting Files */ = {
			isa = PBXGroup;
			children = (
				C9CAB41019914B730004B6D6 /* Hassouseisei2_0-Info.plist */,
				C9CAB41119914B730004B6D6 /* InfoPlist.strings */,
				C9CAB41419914B730004B6D6 /* main.m */,
				C9CAB41619914B730004B6D6 /* Hassouseisei2_0-Prefix.pch */,
			);
			name = "Supporting Files";
			sourceTree = "<group>";
		};
		C9CAB43319914B730004B6D6 /* Hassouseisei2_0Tests */ = {
			isa = PBXGroup;
			children = (
				C9CAB43919914B730004B6D6 /* Hassouseisei2_0Tests.m */,
				C9CAB43419914B730004B6D6 /* Supporting Files */,
			);
			path = Hassouseisei2_0Tests;
			sourceTree = "<group>";
		};
		C9CAB43419914B730004B6D6 /* Supporting Files */ = {
			isa = PBXGroup;
			children = (
				C9CAB43519914B730004B6D6 /* Hassouseisei2_0Tests-Info.plist */,
				C9CAB43619914B730004B6D6 /* InfoPlist.strings */,
			);
			name = "Supporting Files";
			sourceTree = "<group>";
		};
/* End PBXGroup section */

/* Begin PBXNativeTarget section */
		C9CAB40419914B730004B6D6 /* Hassouseisei2_0 */ = {
			isa = PBXNativeTarget;
			buildConfigurationList = C9CAB43D19914B730004B6D6 /* Build configuration list for PBXNativeTarget "Hassouseisei2_0" */;
			buildPhases = (
				C9CAB40119914B730004B6D6 /* Sources */,
				C9CAB40219914B730004B6D6 /* Frameworks */,
				C9CAB40319914B730004B6D6 /* Resources */,
			);
			buildRules = (
			);
			dependencies = (
			);
			name = Hassouseisei2_0;
			productName = Hassouseisei2_0;
			productReference = C9CAB40519914B730004B6D6 /* Hassouseisei2_0.app */;
			productType = "com.apple.product-type.application";
		};
		C9CAB42B19914B730004B6D6 /* Hassouseisei2_0Tests */ = {
			isa = PBXNativeTarget;
			buildConfigurationList = C9CAB44019914B730004B6D6 /* Build configuration list for PBXNativeTarget "Hassouseisei2_0Tests" */;
			buildPhases = (
				C9CAB42819914B730004B6D6 /* Sources */,
				C9CAB42919914B730004B6D6 /* Frameworks */,
				C9CAB42A19914B730004B6D6 /* Resources */,
			);
			buildRules = (
			);
			dependencies = (
				C9CAB43219914B730004B6D6 /* PBXTargetDependency */,
			);
			name = Hassouseisei2_0Tests;
			productName = Hassouseisei2_0Tests;
			productReference = C9CAB42C19914B730004B6D6 /* Hassouseisei2_0Tests.xctest */;
			productType = "com.apple.product-type.bundle.unit-test";
		};
/* End PBXNativeTarget section */

/* Begin PBXProject section */
		C9CAB3FD19914B730004B6D6 /* Project object */ = {
			isa = PBXProject;
			attributes = {
				CLASSPREFIX = BrainStorming;
				LastUpgradeCheck = 0510;
				ORGANIZATIONNAME = "ナノソフトウェア";
				TargetAttributes = {
					C9CAB42B19914B730004B6D6 = {
						TestTargetID = C9CAB40419914B730004B6D6;
					};
				};
			};
			buildConfigurationList = C9CAB40019914B730004B6D6 /* Build configuration list for PBXProject "Hassouseisei2_0" */;
			compatibilityVersion = "Xcode 3.2";
			developmentRegion = English;
			hasScannedForEncodings = 0;
			knownRegions = (
				en,
				Base,
			);
			mainGroup = C9CAB3FC19914B730004B6D6;
			productRefGroup = C9CAB40619914B730004B6D6 /* Products */;
			projectDirPath = "";
			projectRoot = "";
			targets = (
				C9CAB40419914B730004B6D6 /* Hassouseisei2_0 */,
				C9CAB42B19914B730004B6D6 /* Hassouseisei2_0Tests */,
			);
		};
/* End PBXProject section */

/* Begin PBXResourcesBuildPhase section */
		C9CAB40319914B730004B6D6 /* Resources */ = {
			isa = PBXResourcesBuildPhase;
			buildActionMask = 2147483647;
			files = (
				C9CAB44819914D1B0004B6D6 /* 09-chat-2@2x.png in Resources */,
				C9CAB44919914D1B0004B6D6 /* 15-tags.png in Resources */,
				C9CAB41F19914B730004B6D6 /* Main_iPad.storyboard in Resources */,
				C9CAB42719914B730004B6D6 /* Images.xcassets in Resources */,
				C9CAB41C19914B730004B6D6 /* Main_iPhone.storyboard in Resources */,
				C9CAB44A19914D1B0004B6D6 /* 15-tags@2x.png in Resources */,
				C9CAB41319914B730004B6D6 /* InfoPlist.strings in Resources */,
				C9CAB44719914D1B0004B6D6 /* 09-chat-2.png in Resources */,
			);
			runOnlyForDeploymentPostprocessing = 0;
		};
		C9CAB42A19914B730004B6D6 /* Resources */ = {
			isa = PBXResourcesBuildPhase;
			buildActionMask = 2147483647;
			files = (
				C9CAB43819914B730004B6D6 /* InfoPlist.strings in Resources */,
			);
			runOnlyForDeploymentPostprocessing = 0;
		};
/* End PBXResourcesBuildPhase section */

/* Begin PBXSourcesBuildPhase section */
		C9CAB40119914B730004B6D6 /* Sources */ = {
			isa = PBXSourcesBuildPhase;
			buildActionMask = 2147483647;
			files = (
				C9CAB42519914B730004B6D6 /* BrainStormingSecondViewController.m in Sources */,
				C9CAB42219914B730004B6D6 /* BrainStormingFirstViewController.m in Sources */,
				C9CAB41919914B730004B6D6 /* BrainStormingAppDelegate.m in Sources */,
				C9CAB41519914B730004B6D6 /* main.m in Sources */,
			);
			runOnlyForDeploymentPostprocessing = 0;
		};
		C9CAB42819914B730004B6D6 /* Sources */ = {
			isa = PBXSourcesBuildPhase;
			buildActionMask = 2147483647;
			files = (
				C9CAB43A19914B730004B6D6 /* Hassouseisei2_0Tests.m in Sources */,
			);
			runOnlyForDeploymentPostprocessing = 0;
		};
/* End PBXSourcesBuildPhase section */

/* Begin PBXTargetDependency section */
		C9CAB43219914B730004B6D6 /* PBXTargetDependency */ = {
			isa = PBXTargetDependency;
			target = C9CAB40419914B730004B6D6 /* Hassouseisei2_0 */;
			targetProxy = C9CAB43119914B730004B6D6 /* PBXContainerItemProxy */;
		};
/* End PBXTargetDependency section */

/* Begin PBXVariantGroup section */
		C9CAB41119914B730004B6D6 /* InfoPlist.strings */ = {
			isa = PBXVariantGroup;
			children = (
				C9CAB41219914B730004B6D6 /* en */,
			);
			name = InfoPlist.strings;
			sourceTree = "<group>";
		};
		C9CAB41A19914B730004B6D6 /* Main_iPhone.storyboard */ = {
			isa = PBXVariantGroup;
			children = (
				C9CAB41B19914B730004B6D6 /* Base */,
			);
			name = Main_iPhone.storyboard;
			sourceTree = "<group>";
		};
		C9CAB41D19914B730004B6D6 /* Main_iPad.storyboard */ = {
			isa = PBXVariantGroup;
			children = (
				C9CAB41E19914B730004B6D6 /* Base */,
			);
			name = Main_iPad.storyboard;
			sourceTree = "<group>";
		};
		C9CAB43619914B730004B6D6 /* InfoPlist.strings */ = {
			isa = PBXVariantGroup;
			children = (
				C9CAB43719914B730004B6D6 /* en */,
			);
			name = InfoPlist.strings;
			sourceTree = "<group>";
		};
/* End PBXVariantGroup section */

/* Begin XCBuildConfiguration section */
		C9CAB43B19914B730004B6D6 /* Debug */ = {
			isa = XCBuildConfiguration;
			buildSettings = {
				ALWAYS_SEARCH_USER_PATHS = NO;
				CLANG_CXX_LANGUAGE_STANDARD = "gnu++0x";
				CLANG_CXX_LIBRARY = "libc++";
				CLANG_ENABLE_MODULES = YES;
				CLANG_ENABLE_OBJC_ARC = YES;
				CLANG_WARN_BOOL_CONVERSION = YES;
				CLANG_WARN_CONSTANT_CONVERSION = YES;
				CLANG_WARN_DIRECT_OBJC_ISA_USAGE = YES_ERROR;
				CLANG_WARN_EMPTY_BODY = YES;
				CLANG_WARN_ENUM_CONVERSION = YES;
				CLANG_WARN_INT_CONVERSION = YES;
				CLANG_WARN_OBJC_ROOT_CLASS = YES_ERROR;
				CLANG_WARN__DUPLICATE_METHOD_MATCH = YES;
				"CODE_SIGN_IDENTITY[sdk=iphoneos*]" = "iPhone Developer";
				COPY_PHASE_STRIP = NO;
				GCC_C_LANGUAGE_STANDARD = gnu99;
				GCC_DYNAMIC_NO_PIC = NO;
				GCC_OPTIMIZATION_LEVEL = 0;
				GCC_PREPROCESSOR_DEFINITIONS = (
					"DEBUG=1",
					"$(inherited)",
				);
				GCC_SYMBOLS_PRIVATE_EXTERN = NO;
				GCC_WARN_64_TO_32_BIT_CONVERSION = YES;
				GCC_WARN_ABOUT_RETURN_TYPE = YES_ERROR;
				GCC_WARN_UNDECLARED_SELECTOR = YES;
				GCC_WARN_UNINITIALIZED_AUTOS = YES_AGGRESSIVE;
				GCC_WARN_UNUSED_FUNCTION = YES;
				GCC_WARN_UNUSED_VARIABLE = YES;
				IPHONEOS_DEPLOYMENT_TARGET = 7.1;
				ONLY_ACTIVE_ARCH = YES;
				SDKROOT = iphoneos;
				TARGETED_DEVICE_FAMILY = "1,2";
			};
			name = Debug;
		};
		C9CAB43C19914B730004B6D6 /* Release */ = {
			isa = XCBuildConfiguration;
			buildSettings = {
				ALWAYS_SEARCH_USER_PATHS = NO;
				CLANG_CXX_LANGUAGE_STANDARD = "gnu++0x";
				CLANG_CXX_LIBRARY = "libc++";
				CLANG_ENABLE_MODULES = YES;
				CLANG_ENABLE_OBJC_ARC = YES;
				CLANG_WARN_BOOL_CONVERSION = YES;
				CLANG_WARN_CONSTANT_CONVERSION = YES;
				CLANG_WARN_DIRECT_OBJC_ISA_USAGE = YES_ERROR;
				CLANG_WARN_EMPTY_BODY = YES;
				CLANG_WARN_ENUM_CONVERSION = YES;
				CLANG_WARN_INT_CONVERSION = YES;
				CLANG_WARN_OBJC_ROOT_CLASS = YES_ERROR;
				CLANG_WARN__DUPLICATE_METHOD_MATCH = YES;
				"CODE_SIGN_IDENTITY[sdk=iphoneos*]" = "iPhone Developer";
				COPY_PHASE_STRIP = YES;
				ENABLE_NS_ASSERTIONS = NO;
				GCC_C_LANGUAGE_STANDARD = gnu99;
				GCC_WARN_64_TO_32_BIT_CONVERSION = YES;
				GCC_WARN_ABOUT_RETURN_TYPE = YES_ERROR;
				GCC_WARN_UNDECLARED_SELECTOR = YES;
				GCC_WARN_UNINITIALIZED_AUTOS = YES_AGGRESSIVE;
				GCC_WARN_UNUSED_FUNCTION = YES;
				GCC_WARN_UNUSED_VARIABLE = YES;
				IPHONEOS_DEPLOYMENT_TARGET = 7.1;
				SDKROOT = iphoneos;
				TARGETED_DEVICE_FAMILY = "1,2";
				VALIDATE_PRODUCT = YES;
			};
			name = Release;
		};
		C9CAB43E19914B730004B6D6 /* Debug */ = {
			isa = XCBuildConfiguration;
			buildSettings = {
				ASSETCATALOG_COMPILER_APPICON_NAME = AppIcon;
				ASSETCATALOG_COMPILER_LAUNCHIMAGE_NAME = LaunchImage;
				GCC_PRECOMPILE_PREFIX_HEADER = YES;
				GCC_PREFIX_HEADER = "Hassouseisei2_0/Hassouseisei2_0-Prefix.pch";
				INFOPLIST_FILE = "Hassouseisei2_0/Hassouseisei2_0-Info.plist";
				PRODUCT_NAME = "$(TARGET_NAME)";
				WRAPPER_EXTENSION = app;
			};
			name = Debug;
		};
		C9CAB43F19914B730004B6D6 /* Release */ = {
			isa = XCBuildConfiguration;
			buildSettings = {
				ASSETCATALOG_COMPILER_APPICON_NAME = AppIcon;
				ASSETCATALOG_COMPILER_LAUNCHIMAGE_NAME = LaunchImage;
				GCC_PRECOMPILE_PREFIX_HEADER = YES;
				GCC_PREFIX_HEADER = "Hassouseisei2_0/Hassouseisei2_0-Prefix.pch";
				INFOPLIST_FILE = "Hassouseisei2_0/Hassouseisei2_0-Info.plist";
				PRODUCT_NAME = "$(TARGET_NAME)";
				WRAPPER_EXTENSION = app;
			};
			name = Release;
		};
		C9CAB44119914B730004B6D6 /* Debug */ = {
			isa = XCBuildConfiguration;
			buildSettings = {
				BUNDLE_LOADER = "$(BUILT_PRODUCTS_DIR)/Hassouseisei2_0.app/Hassouseisei2_0";
				FRAMEWORK_SEARCH_PATHS = (
					"$(SDKROOT)/Developer/Library/Frameworks",
					"$(inherited)",
					"$(DEVELOPER_FRAMEWORKS_DIR)",
				);
				GCC_PRECOMPILE_PREFIX_HEADER = YES;
				GCC_PREFIX_HEADER = "Hassouseisei2_0/Hassouseisei2_0-Prefix.pch";
				GCC_PREPROCESSOR_DEFINITIONS = (
					"DEBUG=1",
					"$(inherited)",
				);
				INFOPLIST_FILE = "Hassouseisei2_0Tests/Hassouseisei2_0Tests-Info.plist";
				PRODUCT_NAME = "$(TARGET_NAME)";
				TEST_HOST = "$(BUNDLE_LOADER)";
				WRAPPER_EXTENSION = xctest;
			};
			name = Debug;
		};
		C9CAB44219914B730004B6D6 /* Release */ = {
			isa = XCBuildConfiguration;
			buildSettings = {
				BUNDLE_LOADER = "$(BUILT_PRODUCTS_DIR)/Hassouseisei2_0.app/Hassouseisei2_0";
				FRAMEWORK_SEARCH_PATHS = (
					"$(SDKROOT)/Developer/Library/Frameworks",
					"$(inherited)",
					"$(DEVELOPER_FRAMEWORKS_DIR)",
				);
				GCC_PRECOMPILE_PREFIX_HEADER = YES;
				GCC_PREFIX_HEADER = "Hassouseisei2_0/Hassouseisei2_0-Prefix.pch";
				INFOPLIST_FILE = "Hassouseisei2_0Tests/Hassouseisei2_0Tests-Info.plist";
				PRODUCT_NAME = "$(TARGET_NAME)";
				TEST_HOST = "$(BUNDLE_LOADER)";
				WRAPPER_EXTENSION = xctest;
			};
			name = Release;
		};
/* End XCBuildConfiguration section */

/* Begin XCConfigurationList section */
		C9CAB40019914B730004B6D6 /* Build configuration list for PBXProject "Hassouseisei2_0" */ = {
			isa = XCConfigurationList;
			buildConfigurations = (
				C9CAB43B19914B730004B6D6 /* Debug */,
				C9CAB43C19914B730004B6D6 /* Release */,
			);
			defaultConfigurationIsVisible = 0;
			defaultConfigurationName = Release;
		};
		C9CAB43D19914B730004B6D6 /* Build configuration list for PBXNativeTarget "Hassouseisei2_0" */ = {
			isa = XCConfigurationList;
			buildConfigurations = (
				C9CAB43E19914B730004B6D6 /* Debug */,
				C9CAB43F19914B730004B6D6 /* Release */,
			);
			defaultConfigurationIsVisible = 0;
		};
		C9CAB44019914B730004B6D6 /* Build configuration list for PBXNativeTarget "Hassouseisei2_0Tests" */ = {
			isa = XCConfigurationList;
			buildConfigurations = (
				C9CAB44119914B730004B6D6 /* Debug */,
				C9CAB44219914B730004B6D6 /* Release */,
			);
			defaultConfigurationIsVisible = 0;
		};
/* End XCConfigurationList section */
	};
	rootObject = C9CAB3FD19914B730004B6D6 /* Project object */;
}
